
Microsoft Visual Studio Solution File, Format Version 12.00
# Visual Studio Version 17
VisualStudioVersion = 17.7.34302.85
MinimumVisualStudioVersion = 10.0.40219.1
Project("{9A19103F-16F7-4668-BE54-9A1E7A4F7556}") = "JMerge", "JMerge.csproj", "{256FEF90-F643-4050-8C42-A279BF8A64EE}"
EndProject
Project("{9A19103F-16F7-4668-BE54-9A1E7A4F7556}") = "JMergeTest", "..\JMergeTest\JMergeTest.csproj", "{1637138A-6C19-44C8-9183-BFCC108B13DB}"
EndProject
Global
	GlobalSection(SolutionConfigurationPlatforms) = preSolution
		Debug|Any CPU = Debug|Any CPU
		Release|Any CPU = Release|Any CPU
	EndGlobalSection
	GlobalSection(ProjectConfigurationPlatforms) = postSolution
		{256FEF90-F643-4050-8C42-A279BF8A64EE}.Debug|Any CPU.ActiveCfg = Debug|Any CPU
		{256FEF90-F643-4050-8C42-A279BF8A64EE}.Debug|Any CPU.Build.0 = Debug|Any CPU
		{256FEF90-F643-4050-8C42-A279BF8A64EE}.Release|Any CPU.ActiveCfg = Release|Any CPU
		{256FEF90-F643-4050-8C42-A279BF8A64EE}.Release|Any CPU.Build.0 = Release|Any CPU
		{1637138A-6C19-44C8-9183-BFCC108B13DB}.Debug|Any CPU.ActiveCfg = Debug|Any CPU
		{1637138A-6C19-44C8-9183-BFCC108B13DB}.Debug|Any CPU.Build.0 = Debug|Any CPU
		{1637138A-6C19-44C8-9183-BFCC108B13DB}.Release|Any CPU.ActiveCfg = Release|Any CPU
		{1637138A-6C19-44C8-9183-BFCC108B13DB}.Release|Any CPU.Build.0 = Release|Any CPU
	EndGlobalSection
	GlobalSection(SolutionProperties) = preSolution
		HideSolutionNode = FALSE
	EndGlobalSection
	GlobalSection(ExtensibilityGlobals) = postSolution
		SolutionGuid = {197554BB-8A23-490C-BB5E-97C70882C7BE}
	EndGlobalSection
EndGlobal
